
Microsoft Visual Studio Solution File, Format Version 12.00
# Visual Studio Version 17
VisualStudioVersion = 17.8.34322.80
MinimumVisualStudioVersion = 10.0.40219.1
Project("{9A19103F-16F7-4668-BE54-9A1E7A4F7556}") = "spotify-controller-project", "spotify-controller-project\spotify-controller-project.csproj", "{D0AB44CF-2A21-4AF2-A922-A4504D1F15A9}"
EndProject
Project("{FAE04EC0-301F-11D3-BF4B-00C04F79EFBC}") = "AttempTrial", "AttempTrial\AttempTrial.csproj", "{DF0DEDBB-C0BD-4899-81E9-18015444BA0E}"
EndProject
Global
	GlobalSection(SolutionConfigurationPlatforms) = preSolution
		Debug|Any CPU = Debug|Any CPU
		Release|Any CPU = Release|Any CPU
	EndGlobalSection
	GlobalSection(ProjectConfigurationPlatforms) = postSolution
		{D0AB44CF-2A21-4AF2-A922-A4504D1F15A9}.Debug|Any CPU.ActiveCfg = Debug|Any CPU
		{D0AB44CF-2A21-4AF2-A922-A4504D1F15A9}.Debug|Any CPU.Build.0 = Debug|Any CPU
		{D0AB44CF-2A21-4AF2-A922-A4504D1F15A9}.Release|Any CPU.ActiveCfg = Release|Any CPU
		{D0AB44CF-2A21-4AF2-A922-A4504D1F15A9}.Release|Any CPU.Build.0 = Release|Any CPU
		{DF0DEDBB-C0BD-4899-81E9-18015444BA0E}.Debug|Any CPU.ActiveCfg = Debug|Any CPU
		{DF0DEDBB-C0BD-4899-81E9-18015444BA0E}.Debug|Any CPU.Build.0 = Debug|Any CPU
		{DF0DEDBB-C0BD-4899-81E9-18015444BA0E}.Release|Any CPU.ActiveCfg = Release|Any CPU
		{DF0DEDBB-C0BD-4899-81E9-18015444BA0E}.Release|Any CPU.Build.0 = Release|Any CPU
	EndGlobalSection
	GlobalSection(SolutionProperties) = preSolution
		HideSolutionNode = FALSE
	EndGlobalSection
	GlobalSection(ExtensibilityGlobals) = postSolution
		SolutionGuid = {6F0800AA-D074-4590-A2CA-075A34306EE0}
	EndGlobalSection
EndGlobal
